
Microsoft Visual Studio Solution File, Format Version 12.00
# Visual Studio Version 16
VisualStudioVersion = 16.0.29102.190
MinimumVisualStudioVersion = 10.0.40219.1
Project("{9A19103F-16F7-4668-BE54-9A1E7A4F7556}") = "TeamA.PurchaseOrdersAPI", "TeamA.PurchaseOrdersAPI\TeamA.PurchaseOrdersAPI.csproj", "{0AADBD8C-CEAB-490D-B547-EA0224AFB9C4}"
EndProject
Project("{9A19103F-16F7-4668-BE54-9A1E7A4F7556}") = "TeamA.PurchaseOrders.Data", "TeamA.PurchaseOrders.Data\TeamA.PurchaseOrders.Data.csproj", "{1A49703A-B340-4DFF-B785-795859E8C487}"
EndProject
Project("{9A19103F-16F7-4668-BE54-9A1E7A4F7556}") = "TeamA.PurchaseOrders.Services", "TeamA.PurchaseOrders.Services\TeamA.PurchaseOrders.Services.csproj", "{93AD6416-B4FF-4140-9AE5-4D2057C48E0D}"
EndProject
Project("{9A19103F-16F7-4668-BE54-9A1E7A4F7556}") = "TeamA.PurchaseOrders.Models", "TeamA.PurchaseOrders.Models\TeamA.PurchaseOrders.Models.csproj", "{D39B63B8-1D53-4A1A-8B93-82DDF0174877}"
EndProject
Project("{9A19103F-16F7-4668-BE54-9A1E7A4F7556}") = "TeamA.PurchaseOrders.Repository", "TeamA.PurchaseOrders.Repository\TeamA.PurchaseOrders.Repository.csproj", "{C0C687BC-E0FC-4190-A2A7-710734B37FEE}"
EndProject
Global
	GlobalSection(SolutionConfigurationPlatforms) = preSolution
		Debug|Any CPU = Debug|Any CPU
		Release|Any CPU = Release|Any CPU
	EndGlobalSection
	GlobalSection(ProjectConfigurationPlatforms) = postSolution
		{0AADBD8C-CEAB-490D-B547-EA0224AFB9C4}.Debug|Any CPU.ActiveCfg = Debug|Any CPU
		{0AADBD8C-CEAB-490D-B547-EA0224AFB9C4}.Debug|Any CPU.Build.0 = Debug|Any CPU
		{0AADBD8C-CEAB-490D-B547-EA0224AFB9C4}.Release|Any CPU.ActiveCfg = Release|Any CPU
		{0AADBD8C-CEAB-490D-B547-EA0224AFB9C4}.Release|Any CPU.Build.0 = Release|Any CPU
		{1A49703A-B340-4DFF-B785-795859E8C487}.Debug|Any CPU.ActiveCfg = Debug|Any CPU
		{1A49703A-B340-4DFF-B785-795859E8C487}.Debug|Any CPU.Build.0 = Debug|Any CPU
		{1A49703A-B340-4DFF-B785-795859E8C487}.Release|Any CPU.ActiveCfg = Release|Any CPU
		{1A49703A-B340-4DFF-B785-795859E8C487}.Release|Any CPU.Build.0 = Release|Any CPU
		{93AD6416-B4FF-4140-9AE5-4D2057C48E0D}.Debug|Any CPU.ActiveCfg = Debug|Any CPU
		{93AD6416-B4FF-4140-9AE5-4D2057C48E0D}.Debug|Any CPU.Build.0 = Debug|Any CPU
		{93AD6416-B4FF-4140-9AE5-4D2057C48E0D}.Release|Any CPU.ActiveCfg = Release|Any CPU
		{93AD6416-B4FF-4140-9AE5-4D2057C48E0D}.Release|Any CPU.Build.0 = Release|Any CPU
		{D39B63B8-1D53-4A1A-8B93-82DDF0174877}.Debug|Any CPU.ActiveCfg = Debug|Any CPU
		{D39B63B8-1D53-4A1A-8B93-82DDF0174877}.Debug|Any CPU.Build.0 = Debug|Any CPU
		{D39B63B8-1D53-4A1A-8B93-82DDF0174877}.Release|Any CPU.ActiveCfg = Release|Any CPU
		{D39B63B8-1D53-4A1A-8B93-82DDF0174877}.Release|Any CPU.Build.0 = Release|Any CPU
		{C0C687BC-E0FC-4190-A2A7-710734B37FEE}.Debug|Any CPU.ActiveCfg = Debug|Any CPU
		{C0C687BC-E0FC-4190-A2A7-710734B37FEE}.Debug|Any CPU.Build.0 = Debug|Any CPU
		{C0C687BC-E0FC-4190-A2A7-710734B37FEE}.Release|Any CPU.ActiveCfg = Release|Any CPU
		{C0C687BC-E0FC-4190-A2A7-710734B37FEE}.Release|Any CPU.Build.0 = Release|Any CPU
	EndGlobalSection
	GlobalSection(SolutionProperties) = preSolution
		HideSolutionNode = FALSE
	EndGlobalSection
	GlobalSection(ExtensibilityGlobals) = postSolution
		SolutionGuid = {3DAC1F4A-55FE-487A-9E79-27A3D385E967}
	EndGlobalSection
EndGlobal
